
Microsoft Visual Studio Solution File, Format Version 12.00
# Visual Studio Version 16
VisualStudioVersion = 16.0.29609.76
MinimumVisualStudioVersion = 10.0.40219.1
Project("{9A19103F-16F7-4668-BE54-9A1E7A4F7556}") = "EdaShop", "EdaShop.csproj", "{02FE434B-7262-40B6-80F4-B3B8633AC751}"
EndProject
Global
	GlobalSection(SolutionConfigurationPlatforms) = preSolution
		Debug|Any CPU = Debug|Any CPU
		Release|Any CPU = Release|Any CPU
	EndGlobalSection
	GlobalSection(ProjectConfigurationPlatforms) = postSolution
		{02FE434B-7262-40B6-80F4-B3B8633AC751}.Debug|Any CPU.ActiveCfg = Debug|Any CPU
		{02FE434B-7262-40B6-80F4-B3B8633AC751}.Debug|Any CPU.Build.0 = Debug|Any CPU
		{02FE434B-7262-40B6-80F4-B3B8633AC751}.Release|Any CPU.ActiveCfg = Release|Any CPU
		{02FE434B-7262-40B6-80F4-B3B8633AC751}.Release|Any CPU.Build.0 = Release|Any CPU
	EndGlobalSection
	GlobalSection(SolutionProperties) = preSolution
		HideSolutionNode = FALSE
	EndGlobalSection
	GlobalSection(ExtensibilityGlobals) = postSolution
		SolutionGuid = {3CEA3EC9-12D8-497D-91FF-561EBAE0A170}
	EndGlobalSection
EndGlobal
